// !$*UTF8*$!
{
	archiveVersion = 1;
	classes = {
	};
	objectVersion = 51;
	objects = {

/* Begin PBXBuildFile section */
		294ADA70F38DBD9D1C6E060F /* Pods_WAKEPARKBY.framework in Frameworks */ = {isa = PBXBuildFile; fileRef = EE16DED945F0BE6A325DF2B2 /* Pods_WAKEPARKBY.framework */; };
		371433B824DD256F00A6A4D9 /* Presenter.swift in Sources */ = {isa = PBXBuildFile; fileRef = 371433B724DD256F00A6A4D9 /* Presenter.swift */; };
		373D63A624BC31ED00263847 /* RegistryViewController.swift in Sources */ = {isa = PBXBuildFile; fileRef = 373D63A524BC31ED00263847 /* RegistryViewController.swift */; };
		373D63A924BC9D2800263847 /* Person.swift in Sources */ = {isa = PBXBuildFile; fileRef = 373D63A824BC9D2800263847 /* Person.swift */; };
		3743A7AB24E2CFE500201827 /* ScanViewController.swift in Sources */ = {isa = PBXBuildFile; fileRef = 3743A7AA24E2CFE500201827 /* ScanViewController.swift */; };
		3756583824B7A7F5002A5DCE /* SigninViewController.swift in Sources */ = {isa = PBXBuildFile; fileRef = 3756583624B7A7F5002A5DCE /* SigninViewController.swift */; };
		376DE1F624CF51FA00CCDE22 /* ConfirmViewController.swift in Sources */ = {isa = PBXBuildFile; fileRef = 376DE1F524CF51FA00CCDE22 /* ConfirmViewController.swift */; };
		37835CFE24E839CE000C3061 /* AccountViewController.swift in Sources */ = {isa = PBXBuildFile; fileRef = 37835CFD24E839CE000C3061 /* AccountViewController.swift */; };
		378788AA24DBECE50059F7D4 /* FirebaseManager.swift in Sources */ = {isa = PBXBuildFile; fileRef = 378788A924DBECE50059F7D4 /* FirebaseManager.swift */; };
		3790F05C24B5BF69006A9687 /* CustomTextField.swift in Sources */ = {isa = PBXBuildFile; fileRef = 3790F05B24B5BF69006A9687 /* CustomTextField.swift */; };
		37D0D96424CB4C5F00ADE17E /* GoogleService-Info.plist in Resources */ = {isa = PBXBuildFile; fileRef = 37D0D96324CB4C5F00ADE17E /* GoogleService-Info.plist */; };
		37D0D96724CB620800ADE17E /* ExternalAccessory.framework in Frameworks */ = {isa = PBXBuildFile; fileRef = 37D0D96624CB620800ADE17E /* ExternalAccessory.framework */; };
		37D22A7224B47C8100C187A4 /* AppDelegate.swift in Sources */ = {isa = PBXBuildFile; fileRef = 37D22A7124B47C8100C187A4 /* AppDelegate.swift */; };
		37D22A7424B47C8100C187A4 /* SceneDelegate.swift in Sources */ = {isa = PBXBuildFile; fileRef = 37D22A7324B47C8100C187A4 /* SceneDelegate.swift */; };
		37D22A7624B47C8100C187A4 /* ViewController.swift in Sources */ = {isa = PBXBuildFile; fileRef = 37D22A7524B47C8100C187A4 /* ViewController.swift */; };
		37D22A7924B47C8100C187A4 /* Main.storyboard in Resources */ = {isa = PBXBuildFile; fileRef = 37D22A7724B47C8100C187A4 /* Main.storyboard */; };
		37D22A7B24B47C8300C187A4 /* Assets.xcassets in Resources */ = {isa = PBXBuildFile; fileRef = 37D22A7A24B47C8300C187A4 /* Assets.xcassets */; };
		37D22A7E24B47C8300C187A4 /* LaunchScreen.storyboard in Resources */ = {isa = PBXBuildFile; fileRef = 37D22A7C24B47C8300C187A4 /* LaunchScreen.storyboard */; };
		37E5664E24B84104000D6AB9 /* CustomButton.swift in Sources */ = {isa = PBXBuildFile; fileRef = 37E5664D24B84104000D6AB9 /* CustomButton.swift */; };
/* End PBXBuildFile section */

/* Begin PBXFileReference section */
		371433B724DD256F00A6A4D9 /* Presenter.swift */ = {isa = PBXFileReference; lastKnownFileType = sourcecode.swift; path = Presenter.swift; sourceTree = "<group>"; };
		373D63A524BC31ED00263847 /* RegistryViewController.swift */ = {isa = PBXFileReference; lastKnownFileType = sourcecode.swift; path = RegistryViewController.swift; sourceTree = "<group>"; };
		373D63A824BC9D2800263847 /* Person.swift */ = {isa = PBXFileReference; lastKnownFileType = sourcecode.swift; path = Person.swift; sourceTree = "<group>"; };
		3743A7AA24E2CFE500201827 /* ScanViewController.swift */ = {isa = PBXFileReference; lastKnownFileType = sourcecode.swift; path = ScanViewController.swift; sourceTree = "<group>"; };
		3756583624B7A7F5002A5DCE /* SigninViewController.swift */ = {isa = PBXFileReference; lastKnownFileType = sourcecode.swift; path = SigninViewController.swift; sourceTree = "<group>"; };
		376DE1F524CF51FA00CCDE22 /* ConfirmViewController.swift */ = {isa = PBXFileReference; lastKnownFileType = sourcecode.swift; path = ConfirmViewController.swift; sourceTree = "<group>"; };
		37835CFD24E839CE000C3061 /* AccountViewController.swift */ = {isa = PBXFileReference; lastKnownFileType = sourcecode.swift; path = AccountViewController.swift; sourceTree = "<group>"; };
		378788A924DBECE50059F7D4 /* FirebaseManager.swift */ = {isa = PBXFileReference; lastKnownFileType = sourcecode.swift; path = FirebaseManager.swift; sourceTree = "<group>"; };
		3790F05B24B5BF69006A9687 /* CustomTextField.swift */ = {isa = PBXFileReference; lastKnownFileType = sourcecode.swift; path = CustomTextField.swift; sourceTree = "<group>"; };
		37D0D96324CB4C5F00ADE17E /* GoogleService-Info.plist */ = {isa = PBXFileReference; fileEncoding = 4; lastKnownFileType = text.plist.xml; name = "GoogleService-Info.plist"; path = "../../../../../Downloads/GoogleService-Info.plist"; sourceTree = "<group>"; };
		37D0D96524CB620800ADE17E /* WAKEPARKBY.entitlements */ = {isa = PBXFileReference; lastKnownFileType = text.plist.entitlements; path = WAKEPARKBY.entitlements; sourceTree = "<group>"; };
		37D0D96624CB620800ADE17E /* ExternalAccessory.framework */ = {isa = PBXFileReference; lastKnownFileType = wrapper.framework; name = ExternalAccessory.framework; path = System/Library/Frameworks/ExternalAccessory.framework; sourceTree = SDKROOT; };
		37D22A6E24B47C8100C187A4 /* WAKEPARKBY.app */ = {isa = PBXFileReference; explicitFileType = wrapper.application; includeInIndex = 0; path = WAKEPARKBY.app; sourceTree = BUILT_PRODUCTS_DIR; };
		37D22A7124B47C8100C187A4 /* AppDelegate.swift */ = {isa = PBXFileReference; lastKnownFileType = sourcecode.swift; path = AppDelegate.swift; sourceTree = "<group>"; };
		37D22A7324B47C8100C187A4 /* SceneDelegate.swift */ = {isa = PBXFileReference; lastKnownFileType = sourcecode.swift; path = SceneDelegate.swift; sourceTree = "<group>"; };
		37D22A7524B47C8100C187A4 /* ViewController.swift */ = {isa = PBXFileReference; lastKnownFileType = sourcecode.swift; path = ViewController.swift; sourceTree = "<group>"; };
		37D22A7824B47C8100C187A4 /* Base */ = {isa = PBXFileReference; lastKnownFileType = file.storyboard; name = Base; path = Base.lproj/Main.storyboard; sourceTree = "<group>"; };
		37D22A7A24B47C8300C187A4 /* Assets.xcassets */ = {isa = PBXFileReference; lastKnownFileType = folder.assetcatalog; path = Assets.xcassets; sourceTree = "<group>"; };
		37D22A7D24B47C8300C187A4 /* Base */ = {isa = PBXFileReference; lastKnownFileType = file.storyboard; name = Base; path = Base.lproj/LaunchScreen.storyboard; sourceTree = "<group>"; };
		37D22A7F24B47C8300C187A4 /* Info.plist */ = {isa = PBXFileReference; lastKnownFileType = text.plist.xml; path = Info.plist; sourceTree = "<group>"; };
		37E5664D24B84104000D6AB9 /* CustomButton.swift */ = {isa = PBXFileReference; fileEncoding = 4; lastKnownFileType = sourcecode.swift; path = CustomButton.swift; sourceTree = "<group>"; };
		57207C680A004C47AD215F12 /* Pods-WAKEPARKBY.release.xcconfig */ = {isa = PBXFileReference; includeInIndex = 1; lastKnownFileType = text.xcconfig; name = "Pods-WAKEPARKBY.release.xcconfig"; path = "Target Support Files/Pods-WAKEPARKBY/Pods-WAKEPARKBY.release.xcconfig"; sourceTree = "<group>"; };
		90AC67F9A353455772672894 /* Pods-WAKEPARKBY.debug.xcconfig */ = {isa = PBXFileReference; includeInIndex = 1; lastKnownFileType = text.xcconfig; name = "Pods-WAKEPARKBY.debug.xcconfig"; path = "Target Support Files/Pods-WAKEPARKBY/Pods-WAKEPARKBY.debug.xcconfig"; sourceTree = "<group>"; };
		EE16DED945F0BE6A325DF2B2 /* Pods_WAKEPARKBY.framework */ = {isa = PBXFileReference; explicitFileType = wrapper.framework; includeInIndex = 0; path = Pods_WAKEPARKBY.framework; sourceTree = BUILT_PRODUCTS_DIR; };
/* End PBXFileReference section */

/* Begin PBXFrameworksBuildPhase section */
		37D22A6B24B47C8100C187A4 /* Frameworks */ = {
			isa = PBXFrameworksBuildPhase;
			buildActionMask = 2147483647;
			files = (
				37D0D96724CB620800ADE17E /* ExternalAccessory.framework in Frameworks */,
				294ADA70F38DBD9D1C6E060F /* Pods_WAKEPARKBY.framework in Frameworks */,
			);
			runOnlyForDeploymentPostprocessing = 0;
		};
/* End PBXFrameworksBuildPhase section */

/* Begin PBXGroup section */
		371433B524DD251600A6A4D9 /* View */ = {
			isa = PBXGroup;
			children = (
				3743A7A924E2CF6F00201827 /* AccountViewController */,
				3790F05924B5BF08006A9687 /* Custom */,
				376DE1F724CF520600CCDE22 /* ConfirmViewController */,
				3756583A24B7A802002A5DCE /* SigninViewController */,
				373D63A424BC31A900263847 /* RegistryViewController */,
			);
			name = View;
			sourceTree = "<group>";
		};
		371433B624DD255600A6A4D9 /* Presenter */ = {
			isa = PBXGroup;
			children = (
				371433B724DD256F00A6A4D9 /* Presenter.swift */,
			);
			name = Presenter;
			sourceTree = "<group>";
		};
		373D63A424BC31A900263847 /* RegistryViewController */ = {
			isa = PBXGroup;
			children = (
				373D63A524BC31ED00263847 /* RegistryViewController.swift */,
			);
			path = RegistryViewController;
			sourceTree = "<group>";
		};
		373D63A724BC9D0E00263847 /* Model */ = {
			isa = PBXGroup;
			children = (
				378788A924DBECE50059F7D4 /* FirebaseManager.swift */,
				373D63A824BC9D2800263847 /* Person.swift */,
			);
			path = Model;
			sourceTree = "<group>";
		};
		3743A7A924E2CF6F00201827 /* AccountViewController */ = {
			isa = PBXGroup;
			children = (
				3743A7AA24E2CFE500201827 /* ScanViewController.swift */,
				37835CFD24E839CE000C3061 /* AccountViewController.swift */,
			);
			name = AccountViewController;
			sourceTree = "<group>";
		};
		3756583A24B7A802002A5DCE /* SigninViewController */ = {
			isa = PBXGroup;
			children = (
				3756583624B7A7F5002A5DCE /* SigninViewController.swift */,
			);
			path = SigninViewController;
			sourceTree = "<group>";
		};
		376DE1F724CF520600CCDE22 /* ConfirmViewController */ = {
			isa = PBXGroup;
			children = (
				376DE1F524CF51FA00CCDE22 /* ConfirmViewController.swift */,
			);
			name = ConfirmViewController;
			sourceTree = "<group>";
		};
		3790F05924B5BF08006A9687 /* Custom */ = {
			isa = PBXGroup;
			children = (
				37E5664924B8404F000D6AB9 /* Button */,
				3790F05A24B5BF22006A9687 /* TextField */,
			);
			path = Custom;
			sourceTree = "<group>";
		};
		3790F05A24B5BF22006A9687 /* TextField */ = {
			isa = PBXGroup;
			children = (
				3790F05B24B5BF69006A9687 /* CustomTextField.swift */,
			);
			path = TextField;
			sourceTree = "<group>";
		};
		37D22A6524B47C8000C187A4 = {
			isa = PBXGroup;
			children = (
				37D22A7024B47C8100C187A4 /* WAKEPARKBY */,
				37D22A6F24B47C8100C187A4 /* Products */,
				C79322277360B15327310A8D /* Pods */,
				C12FE8A12EAEDA5B679A580C /* Frameworks */,
			);
			sourceTree = "<group>";
		};
		37D22A6F24B47C8100C187A4 /* Products */ = {
			isa = PBXGroup;
			children = (
				37D22A6E24B47C8100C187A4 /* WAKEPARKBY.app */,
			);
			name = Products;
			sourceTree = "<group>";
		};
		37D22A7024B47C8100C187A4 /* WAKEPARKBY */ = {
			isa = PBXGroup;
			children = (
				37D0D96524CB620800ADE17E /* WAKEPARKBY.entitlements */,
				371433B624DD255600A6A4D9 /* Presenter */,
				371433B524DD251600A6A4D9 /* View */,
				373D63A724BC9D0E00263847 /* Model */,
				37D22A7124B47C8100C187A4 /* AppDelegate.swift */,
				37D22A7324B47C8100C187A4 /* SceneDelegate.swift */,
				37D22A7524B47C8100C187A4 /* ViewController.swift */,
				37D22A7724B47C8100C187A4 /* Main.storyboard */,
				37D22A7A24B47C8300C187A4 /* Assets.xcassets */,
				37D22A7C24B47C8300C187A4 /* LaunchScreen.storyboard */,
				37D22A7F24B47C8300C187A4 /* Info.plist */,
				37D0D96324CB4C5F00ADE17E /* GoogleService-Info.plist */,
			);
			path = WAKEPARKBY;
			sourceTree = "<group>";
		};
		37E5664924B8404F000D6AB9 /* Button */ = {
			isa = PBXGroup;
			children = (
				37E5664D24B84104000D6AB9 /* CustomButton.swift */,
			);
			path = Button;
			sourceTree = "<group>";
		};
		C12FE8A12EAEDA5B679A580C /* Frameworks */ = {
			isa = PBXGroup;
			children = (
				37D0D96624CB620800ADE17E /* ExternalAccessory.framework */,
				EE16DED945F0BE6A325DF2B2 /* Pods_WAKEPARKBY.framework */,
			);
			name = Frameworks;
			sourceTree = "<group>";
		};
		C79322277360B15327310A8D /* Pods */ = {
			isa = PBXGroup;
			children = (
				90AC67F9A353455772672894 /* Pods-WAKEPARKBY.debug.xcconfig */,
				57207C680A004C47AD215F12 /* Pods-WAKEPARKBY.release.xcconfig */,
			);
			path = Pods;
			sourceTree = "<group>";
		};
/* End PBXGroup section */

/* Begin PBXNativeTarget section */
		37D22A6D24B47C8100C187A4 /* WAKEPARKBY */ = {
			isa = PBXNativeTarget;
			buildConfigurationList = 37D22A8224B47C8300C187A4 /* Build configuration list for PBXNativeTarget "WAKEPARKBY" */;
			buildPhases = (
				F96E545E6F8BFB1D0C03A4F8 /* [CP] Check Pods Manifest.lock */,
				37D22A6A24B47C8100C187A4 /* Sources */,
				37D22A6B24B47C8100C187A4 /* Frameworks */,
				37D22A6C24B47C8100C187A4 /* Resources */,
				9F5CB151822F0A31A9598BDA /* [CP] Embed Pods Frameworks */,
			);
			buildRules = (
			);
			dependencies = (
			);
			name = WAKEPARKBY;
			productName = WAKEPRKBY;
			productReference = 37D22A6E24B47C8100C187A4 /* WAKEPARKBY.app */;
			productType = "com.apple.product-type.application";
		};
/* End PBXNativeTarget section */

/* Begin PBXProject section */
		37D22A6624B47C8000C187A4 /* Project object */ = {
			isa = PBXProject;
			attributes = {
				LastSwiftUpdateCheck = 1150;
				LastUpgradeCheck = 1150;
				ORGANIZATIONNAME = "Anjey Novicki";
				TargetAttributes = {
					37D22A6D24B47C8100C187A4 = {
						CreatedOnToolsVersion = 11.5;
					};
				};
			};
			buildConfigurationList = 37D22A6924B47C8000C187A4 /* Build configuration list for PBXProject "WAKEPARKBY" */;
			compatibilityVersion = "Xcode 9.3";
			developmentRegion = en;
			hasScannedForEncodings = 0;
			knownRegions = (
				en,
				Base,
			);
			mainGroup = 37D22A6524B47C8000C187A4;
			productRefGroup = 37D22A6F24B47C8100C187A4 /* Products */;
			projectDirPath = "";
			projectRoot = "";
			targets = (
				37D22A6D24B47C8100C187A4 /* WAKEPARKBY */,
			);
		};
/* End PBXProject section */

/* Begin PBXResourcesBuildPhase section */
		37D22A6C24B47C8100C187A4 /* Resources */ = {
			isa = PBXResourcesBuildPhase;
			buildActionMask = 2147483647;
			files = (
				37D22A7E24B47C8300C187A4 /* LaunchScreen.storyboard in Resources */,
				37D0D96424CB4C5F00ADE17E /* GoogleService-Info.plist in Resources */,
				37D22A7B24B47C8300C187A4 /* Assets.xcassets in Resources */,
				37D22A7924B47C8100C187A4 /* Main.storyboard in Resources */,
			);
			runOnlyForDeploymentPostprocessing = 0;
		};
/* End PBXResourcesBuildPhase section */

/* Begin PBXShellScriptBuildPhase section */
		9F5CB151822F0A31A9598BDA /* [CP] Embed Pods Frameworks */ = {
			isa = PBXShellScriptBuildPhase;
			buildActionMask = 2147483647;
			files = (
			);
			inputFileListPaths = (
				"${PODS_ROOT}/Target Support Files/Pods-WAKEPARKBY/Pods-WAKEPARKBY-frameworks-${CONFIGURATION}-input-files.xcfilelist",
			);
			name = "[CP] Embed Pods Frameworks";
			outputFileListPaths = (
				"${PODS_ROOT}/Target Support Files/Pods-WAKEPARKBY/Pods-WAKEPARKBY-frameworks-${CONFIGURATION}-output-files.xcfilelist",
			);
			runOnlyForDeploymentPostprocessing = 0;
			shellPath = /bin/sh;
			shellScript = "\"${PODS_ROOT}/Target Support Files/Pods-WAKEPARKBY/Pods-WAKEPARKBY-frameworks.sh\"\n";
			showEnvVarsInLog = 0;
		};
		F96E545E6F8BFB1D0C03A4F8 /* [CP] Check Pods Manifest.lock */ = {
			isa = PBXShellScriptBuildPhase;
			buildActionMask = 2147483647;
			files = (
			);
			inputFileListPaths = (
			);
			inputPaths = (
				"${PODS_PODFILE_DIR_PATH}/Podfile.lock",
				"${PODS_ROOT}/Manifest.lock",
			);
			name = "[CP] Check Pods Manifest.lock";
			outputFileListPaths = (
			);
			outputPaths = (
				"$(DERIVED_FILE_DIR)/Pods-WAKEPARKBY-checkManifestLockResult.txt",
			);
			runOnlyForDeploymentPostprocessing = 0;
			shellPath = /bin/sh;
			shellScript = "diff \"${PODS_PODFILE_DIR_PATH}/Podfile.lock\" \"${PODS_ROOT}/Manifest.lock\" > /dev/null\nif [ $? != 0 ] ; then\n    # print error to STDERR\n    echo \"error: The sandbox is not in sync with the Podfile.lock. Run 'pod install' or update your CocoaPods installation.\" >&2\n    exit 1\nfi\n# This output is used by Xcode 'outputs' to avoid re-running this script phase.\necho \"SUCCESS\" > \"${SCRIPT_OUTPUT_FILE_0}\"\n";
			showEnvVarsInLog = 0;
		};
/* End PBXShellScriptBuildPhase section */

/* Begin PBXSourcesBuildPhase section */
		37D22A6A24B47C8100C187A4 /* Sources */ = {
			isa = PBXSourcesBuildPhase;
			buildActionMask = 2147483647;
			files = (
				376DE1F624CF51FA00CCDE22 /* ConfirmViewController.swift in Sources */,
				371433B824DD256F00A6A4D9 /* Presenter.swift in Sources */,
				37835CFE24E839CE000C3061 /* AccountViewController.swift in Sources */,
				3790F05C24B5BF69006A9687 /* CustomTextField.swift in Sources */,
				373D63A624BC31ED00263847 /* RegistryViewController.swift in Sources */,
				3743A7AB24E2CFE500201827 /* ScanViewController.swift in Sources */,
				3756583824B7A7F5002A5DCE /* SigninViewController.swift in Sources */,
				37E5664E24B84104000D6AB9 /* CustomButton.swift in Sources */,
				378788AA24DBECE50059F7D4 /* FirebaseManager.swift in Sources */,
				37D22A7624B47C8100C187A4 /* ViewController.swift in Sources */,
				373D63A924BC9D2800263847 /* Person.swift in Sources */,
				37D22A7224B47C8100C187A4 /* AppDelegate.swift in Sources */,
				37D22A7424B47C8100C187A4 /* SceneDelegate.swift in Sources */,
			);
			runOnlyForDeploymentPostprocessing = 0;
		};
/* End PBXSourcesBuildPhase section */

/* Begin PBXVariantGroup section */
		37D22A7724B47C8100C187A4 /* Main.storyboard */ = {
			isa = PBXVariantGroup;
			children = (
				37D22A7824B47C8100C187A4 /* Base */,
			);
			name = Main.storyboard;
			sourceTree = "<group>";
		};
		37D22A7C24B47C8300C187A4 /* LaunchScreen.storyboard */ = {
			isa = PBXVariantGroup;
			children = (
				37D22A7D24B47C8300C187A4 /* Base */,
			);
			name = LaunchScreen.storyboard;
			sourceTree = "<group>";
		};
/* End PBXVariantGroup section */

/* Begin XCBuildConfiguration section */
		37D22A8024B47C8300C187A4 /* Debug */ = {
			isa = XCBuildConfiguration;
			buildSettings = {
				ALWAYS_SEARCH_USER_PATHS = NO;
				CLANG_ANALYZER_NONNULL = YES;
				CLANG_ANALYZER_NUMBER_OBJECT_CONVERSION = YES_AGGRESSIVE;
				CLANG_CXX_LANGUAGE_STANDARD = "gnu++14";
				CLANG_CXX_LIBRARY = "libc++";
				CLANG_ENABLE_MODULES = YES;
				CLANG_ENABLE_OBJC_ARC = YES;
				CLANG_ENABLE_OBJC_WEAK = YES;
				CLANG_WARN_BLOCK_CAPTURE_AUTORELEASING = YES;
				CLANG_WARN_BOOL_CONVERSION = YES;
				CLANG_WARN_COMMA = YES;
				CLANG_WARN_CONSTANT_CONVERSION = YES;
				CLANG_WARN_DEPRECATED_OBJC_IMPLEMENTATIONS = YES;
				CLANG_WARN_DIRECT_OBJC_ISA_USAGE = YES_ERROR;
				CLANG_WARN_DOCUMENTATION_COMMENTS = YES;
				CLANG_WARN_EMPTY_BODY = YES;
				CLANG_WARN_ENUM_CONVERSION = YES;
				CLANG_WARN_INFINITE_RECURSION = YES;
				CLANG_WARN_INT_CONVERSION = YES;
				CLANG_WARN_NON_LITERAL_NULL_CONVERSION = YES;
				CLANG_WARN_OBJC_IMPLICIT_RETAIN_SELF = YES;
				CLANG_WARN_OBJC_LITERAL_CONVERSION = YES;
				CLANG_WARN_OBJC_ROOT_CLASS = YES_ERROR;
				CLANG_WARN_RANGE_LOOP_ANALYSIS = YES;
				CLANG_WARN_STRICT_PROTOTYPES = YES;
				CLANG_WARN_SUSPICIOUS_MOVE = YES;
				CLANG_WARN_UNGUARDED_AVAILABILITY = YES_AGGRESSIVE;
				CLANG_WARN_UNREACHABLE_CODE = YES;
				CLANG_WARN__DUPLICATE_METHOD_MATCH = YES;
				COPY_PHASE_STRIP = NO;
				DEBUG_INFORMATION_FORMAT = dwarf;
				ENABLE_STRICT_OBJC_MSGSEND = YES;
				ENABLE_TESTABILITY = YES;
				GCC_C_LANGUAGE_STANDARD = gnu11;
				GCC_DYNAMIC_NO_PIC = NO;
				GCC_NO_COMMON_BLOCKS = YES;
				GCC_OPTIMIZATION_LEVEL = 0;
				GCC_PREPROCESSOR_DEFINITIONS = (
					"DEBUG=1",
					"$(inherited)",
				);
				GCC_WARN_64_TO_32_BIT_CONVERSION = YES;
				GCC_WARN_ABOUT_RETURN_TYPE = YES_ERROR;
				GCC_WARN_UNDECLARED_SELECTOR = YES;
				GCC_WARN_UNINITIALIZED_AUTOS = YES_AGGRESSIVE;
				GCC_WARN_UNUSED_FUNCTION = YES;
				GCC_WARN_UNUSED_VARIABLE = YES;
				IPHONEOS_DEPLOYMENT_TARGET = 13.0;
				MTL_ENABLE_DEBUG_INFO = INCLUDE_SOURCE;
				MTL_FAST_MATH = YES;
				ONLY_ACTIVE_ARCH = YES;
				SDKROOT = iphoneos;
				SWIFT_ACTIVE_COMPILATION_CONDITIONS = DEBUG;
				SWIFT_OPTIMIZATION_LEVEL = "-Onone";
			};
			name = Debug;
		};
		37D22A8124B47C8300C187A4 /* Release */ = {
			isa = XCBuildConfiguration;
			buildSettings = {
				ALWAYS_SEARCH_USER_PATHS = NO;
				CLANG_ANALYZER_NONNULL = YES;
				CLANG_ANALYZER_NUMBER_OBJECT_CONVERSION = YES_AGGRESSIVE;
				CLANG_CXX_LANGUAGE_STANDARD = "gnu++14";
				CLANG_CXX_LIBRARY = "libc++";
				CLANG_ENABLE_MODULES = YES;
				CLANG_ENABLE_OBJC_ARC = YES;
				CLANG_ENABLE_OBJC_WEAK = YES;
				CLANG_WARN_BLOCK_CAPTURE_AUTORELEASING = YES;
				CLANG_WARN_BOOL_CONVERSION = YES;
				CLANG_WARN_COMMA = YES;
				CLANG_WARN_CONSTANT_CONVERSION = YES;
				CLANG_WARN_DEPRECATED_OBJC_IMPLEMENTATIONS = YES;
				CLANG_WARN_DIRECT_OBJC_ISA_USAGE = YES_ERROR;
				CLANG_WARN_DOCUMENTATION_COMMENTS = YES;
				CLANG_WARN_EMPTY_BODY = YES;
				CLANG_WARN_ENUM_CONVERSION = YES;
				CLANG_WARN_INFINITE_RECURSION = YES;
				CLANG_WARN_INT_CONVERSION = YES;
				CLANG_WARN_NON_LITERAL_NULL_CONVERSION = YES;
				CLANG_WARN_OBJC_IMPLICIT_RETAIN_SELF = YES;
				CLANG_WARN_OBJC_LITERAL_CONVERSION = YES;
				CLANG_WARN_OBJC_ROOT_CLASS = YES_ERROR;
				CLANG_WARN_RANGE_LOOP_ANALYSIS = YES;
				CLANG_WARN_STRICT_PROTOTYPES = YES;
				CLANG_WARN_SUSPICIOUS_MOVE = YES;
				CLANG_WARN_UNGUARDED_AVAILABILITY = YES_AGGRESSIVE;
				CLANG_WARN_UNREACHABLE_CODE = YES;
				CLANG_WARN__DUPLICATE_METHOD_MATCH = YES;
				COPY_PHASE_STRIP = NO;
				DEBUG_INFORMATION_FORMAT = "dwarf-with-dsym";
				ENABLE_NS_ASSERTIONS = NO;
				ENABLE_STRICT_OBJC_MSGSEND = YES;
				GCC_C_LANGUAGE_STANDARD = gnu11;
				GCC_NO_COMMON_BLOCKS = YES;
				GCC_WARN_64_TO_32_BIT_CONVERSION = YES;
				GCC_WARN_ABOUT_RETURN_TYPE = YES_ERROR;
				GCC_WARN_UNDECLARED_SELECTOR = YES;
				GCC_WARN_UNINITIALIZED_AUTOS = YES_AGGRESSIVE;
				GCC_WARN_UNUSED_FUNCTION = YES;
				GCC_WARN_UNUSED_VARIABLE = YES;
				IPHONEOS_DEPLOYMENT_TARGET = 13.0;
				MTL_ENABLE_DEBUG_INFO = NO;
				MTL_FAST_MATH = YES;
				SDKROOT = iphoneos;
				SWIFT_COMPILATION_MODE = wholemodule;
				SWIFT_OPTIMIZATION_LEVEL = "-O";
				VALIDATE_PRODUCT = YES;
			};
			name = Release;
		};
		37D22A8324B47C8300C187A4 /* Debug */ = {
			isa = XCBuildConfiguration;
			baseConfigurationReference = 90AC67F9A353455772672894 /* Pods-WAKEPARKBY.debug.xcconfig */;
			buildSettings = {
				ASSETCATALOG_COMPILER_APPICON_NAME = AppIcon;
				CODE_SIGN_ENTITLEMENTS = WAKEPARKBY/WAKEPARKBY.entitlements;
				CODE_SIGN_STYLE = Automatic;
				DEVELOPMENT_TEAM = 5ZMU3NJ9FM;
				INFOPLIST_FILE = WAKEPARKBY/Info.plist;
				IPHONEOS_DEPLOYMENT_TARGET = 13.0;
				LD_RUNPATH_SEARCH_PATHS = (
					"$(inherited)",
					"@executable_path/Frameworks",
				);
				PRODUCT_BUNDLE_IDENTIFIER = com.AnjeyNov.WAKEPARKBY;
				PRODUCT_NAME = WAKEPARKBY;
				SWIFT_VERSION = 5.0;
				TARGETED_DEVICE_FAMILY = 1;
			};
			name = Debug;
		};
		37D22A8424B47C8300C187A4 /* Release */ = {
			isa = XCBuildConfiguration;
			baseConfigurationReference = 57207C680A004C47AD215F12 /* Pods-WAKEPARKBY.release.xcconfig */;
			buildSettings = {
				ASSETCATALOG_COMPILER_APPICON_NAME = AppIcon;
				CODE_SIGN_ENTITLEMENTS = WAKEPARKBY/WAKEPARKBY.entitlements;
				CODE_SIGN_STYLE = Automatic;
				DEVELOPMENT_TEAM = 5ZMU3NJ9FM;
				INFOPLIST_FILE = WAKEPARKBY/Info.plist;
				IPHONEOS_DEPLOYMENT_TARGET = 13.0;
				LD_RUNPATH_SEARCH_PATHS = (
					"$(inherited)",
					"@executable_path/Frameworks",
				);
				PRODUCT_BUNDLE_IDENTIFIER = com.AnjeyNov.WAKEPARKBY;
				PRODUCT_NAME = WAKEPARKBY;
				SWIFT_VERSION = 5.0;
				TARGETED_DEVICE_FAMILY = 1;
			};
			name = Release;
		};
/* End XCBuildConfiguration section */

/* Begin XCConfigurationList section */
		37D22A6924B47C8000C187A4 /* Build configuration list for PBXProject "WAKEPARKBY" */ = {
			isa = XCConfigurationList;
			buildConfigurations = (
				37D22A8024B47C8300C187A4 /* Debug */,
				37D22A8124B47C8300C187A4 /* Release */,
			);
			defaultConfigurationIsVisible = 0;
			defaultConfigurationName = Release;
		};
		37D22A8224B47C8300C187A4 /* Build configuration list for PBXNativeTarget "WAKEPARKBY" */ = {
			isa = XCConfigurationList;
			buildConfigurations = (
				37D22A8324B47C8300C187A4 /* Debug */,
				37D22A8424B47C8300C187A4 /* Release */,
			);
			defaultConfigurationIsVisible = 0;
			defaultConfigurationName = Release;
		};
/* End XCConfigurationList section */
	};
	rootObject = 37D22A6624B47C8000C187A4 /* Project object */;
}
